{
  "requires": true,
  "lockfileVersion": 1,
  "dependencies": {
    "@angular/cdk": {
      "version": "13.0.1",
      "resolved": "https://registry.npmjs.org/@angular/cdk/-/cdk-13.0.1.tgz",
      "integrity": "sha512-P7jAw2ivoz5wJ5V+JLRf18PUr3kF6kktzVO+qaLQhL9A4psMk4GvBRgF5VAXjgYJVXXiIZ6A3IVHPnO2ItMGYw==",
      "requires": {
        "parse5": "^5.0.0",
        "tslib": "^2.3.0"
      }
    },
    "@angular/material": {
      "version": "13.0.1",
      "resolved": "https://registry.npmjs.org/@angular/material/-/material-13.0.1.tgz",
      "integrity": "sha512-qNm91iolqd0rJDooLK6ii8F7JeIGyzuwNi78EmJpnc5BOxhS0P9tHoh1Z3+Otcn0v0Q9IvisIrX2hzce2wOutA==",
      "requires": {
        "tslib": "^2.3.0"
      }
    },
    "parse5": {
      "version": "5.1.1",
      "resolved": "https://registry.npmjs.org/parse5/-/parse5-5.1.1.tgz",
      "integrity": "sha512-ugq4DFI0Ptb+WWjAdOK16+u/nHfiIrcE+sh8kZMaM0WllQKLI9rOUq6c2b7cwPkXdzfQESqvoqK6ug7U/Yyzug==",
      "optional": true
    },
    "tslib": {
      "version": "2.3.1",
      "resolved": "https://registry.npmjs.org/tslib/-/tslib-2.3.1.tgz",
      "integrity": "sha512-77EbyPPpMz+FRFRuAFlWMtmgUWGe9UOG2Z25NqCwiIjRhOf5iKGuzSe5P2w1laq+FkRy4p+PCuVkJSGkzTEKVw=="
    }
  }
}
